
Microsoft Visual Studio Solution File, Format Version 12.00
Project("{FAE04EC0-301F-11D3-BF4B-00C04F79EFBC}") = "FaithlifeUtils", "FaithlifeUtils\FaithlifeUtils.csproj", "{71B0BB88-B8DD-40E9-81DB-7F03788BF05E}"
EndProject
Project("{FAE04EC0-301F-11D3-BF4B-00C04F79EFBC}") = "FaithlifeUtilsTests", "FaithlifeUtilsTests\FaithlifeUtilsTests.csproj", "{B693791E-56A2-4646-A40A-297A13EF7A8D}"
EndProject
Global
	GlobalSection(SolutionConfigurationPlatforms) = preSolution
		Debug|Any CPU = Debug|Any CPU
		Release|Any CPU = Release|Any CPU
	EndGlobalSection
	GlobalSection(ProjectConfigurationPlatforms) = postSolution
		{71B0BB88-B8DD-40E9-81DB-7F03788BF05E}.Debug|Any CPU.ActiveCfg = Debug|Any CPU
		{71B0BB88-B8DD-40E9-81DB-7F03788BF05E}.Debug|Any CPU.Build.0 = Debug|Any CPU
		{71B0BB88-B8DD-40E9-81DB-7F03788BF05E}.Release|Any CPU.ActiveCfg = Release|Any CPU
		{71B0BB88-B8DD-40E9-81DB-7F03788BF05E}.Release|Any CPU.Build.0 = Release|Any CPU
		{B693791E-56A2-4646-A40A-297A13EF7A8D}.Debug|Any CPU.ActiveCfg = Debug|Any CPU
		{B693791E-56A2-4646-A40A-297A13EF7A8D}.Debug|Any CPU.Build.0 = Debug|Any CPU
		{B693791E-56A2-4646-A40A-297A13EF7A8D}.Release|Any CPU.ActiveCfg = Release|Any CPU
		{B693791E-56A2-4646-A40A-297A13EF7A8D}.Release|Any CPU.Build.0 = Release|Any CPU
	EndGlobalSection
EndGlobal
